// !$*UTF8*$!
{
	archiveVersion = 1;
	classes = {
	};
	objectVersion = 56;
	objects = {

/* Begin PBXBuildFile section */
		BB62BFA72B65EC2700BAF659 /* iFruitsApp.swift in Sources */ = {isa = PBXBuildFile; fileRef = BB62BFA62B65EC2700BAF659 /* iFruitsApp.swift */; };
		BB62BFA92B65EC2700BAF659 /* ContentView.swift in Sources */ = {isa = PBXBuildFile; fileRef = BB62BFA82B65EC2700BAF659 /* ContentView.swift */; };
		BB62BFAB2B65EC2800BAF659 /* Assets.xcassets in Resources */ = {isa = PBXBuildFile; fileRef = BB62BFAA2B65EC2800BAF659 /* Assets.xcassets */; };
		BB62BFAE2B65EC2800BAF659 /* Preview Assets.xcassets in Resources */ = {isa = PBXBuildFile; fileRef = BB62BFAD2B65EC2800BAF659 /* Preview Assets.xcassets */; };
		BB62BFB72B65F27900BAF659 /* FruitCardView.swift in Sources */ = {isa = PBXBuildFile; fileRef = BB62BFB62B65F27900BAF659 /* FruitCardView.swift */; };
		BB62BFB92B65F70600BAF659 /* StartButtonView.swift in Sources */ = {isa = PBXBuildFile; fileRef = BB62BFB82B65F70600BAF659 /* StartButtonView.swift */; };
		BB62BFBB2B65FA5D00BAF659 /* OnboardingView.swift in Sources */ = {isa = PBXBuildFile; fileRef = BB62BFBA2B65FA5D00BAF659 /* OnboardingView.swift */; };
		BB62BFBE2B65FBEA00BAF659 /* FruitModel.swift in Sources */ = {isa = PBXBuildFile; fileRef = BB62BFBD2B65FBEA00BAF659 /* FruitModel.swift */; };
		BB62BFC12B65FCD200BAF659 /* FruitData.swift in Sources */ = {isa = PBXBuildFile; fileRef = BB62BFC02B65FCD200BAF659 /* FruitData.swift */; };
		BB62BFC32B66086A00BAF659 /* FruitRowView.swift in Sources */ = {isa = PBXBuildFile; fileRef = BB62BFC22B66086A00BAF659 /* FruitRowView.swift */; };
		BB62BFC52B660F0900BAF659 /* FruitDetailView.swift in Sources */ = {isa = PBXBuildFile; fileRef = BB62BFC42B660F0900BAF659 /* FruitDetailView.swift */; };
		BB62BFC72B66143B00BAF659 /* FruitHeaderView.swift in Sources */ = {isa = PBXBuildFile; fileRef = BB62BFC62B66143B00BAF659 /* FruitHeaderView.swift */; };
		BB62BFC92B6616A200BAF659 /* SourceLinkView.swift in Sources */ = {isa = PBXBuildFile; fileRef = BB62BFC82B6616A200BAF659 /* SourceLinkView.swift */; };
		BBD8180F2B6618CB0042D58E /* FruitNutrientsView.swift in Sources */ = {isa = PBXBuildFile; fileRef = BBD8180E2B6618CB0042D58E /* FruitNutrientsView.swift */; };
/* End PBXBuildFile section */

/* Begin PBXFileReference section */
		BB62BFA32B65EC2700BAF659 /* iFruits.app */ = {isa = PBXFileReference; explicitFileType = wrapper.application; includeInIndex = 0; path = iFruits.app; sourceTree = BUILT_PRODUCTS_DIR; };
		BB62BFA62B65EC2700BAF659 /* iFruitsApp.swift */ = {isa = PBXFileReference; lastKnownFileType = sourcecode.swift; path = iFruitsApp.swift; sourceTree = "<group>"; };
		BB62BFA82B65EC2700BAF659 /* ContentView.swift */ = {isa = PBXFileReference; lastKnownFileType = sourcecode.swift; path = ContentView.swift; sourceTree = "<group>"; };
		BB62BFAA2B65EC2800BAF659 /* Assets.xcassets */ = {isa = PBXFileReference; lastKnownFileType = folder.assetcatalog; path = Assets.xcassets; sourceTree = "<group>"; };
		BB62BFAD2B65EC2800BAF659 /* Preview Assets.xcassets */ = {isa = PBXFileReference; lastKnownFileType = folder.assetcatalog; path = "Preview Assets.xcassets"; sourceTree = "<group>"; };
		BB62BFB62B65F27900BAF659 /* FruitCardView.swift */ = {isa = PBXFileReference; lastKnownFileType = sourcecode.swift; path = FruitCardView.swift; sourceTree = "<group>"; };
		BB62BFB82B65F70600BAF659 /* StartButtonView.swift */ = {isa = PBXFileReference; lastKnownFileType = sourcecode.swift; path = StartButtonView.swift; sourceTree = "<group>"; };
		BB62BFBA2B65FA5D00BAF659 /* OnboardingView.swift */ = {isa = PBXFileReference; lastKnownFileType = sourcecode.swift; path = OnboardingView.swift; sourceTree = "<group>"; };
		BB62BFBD2B65FBEA00BAF659 /* FruitModel.swift */ = {isa = PBXFileReference; lastKnownFileType = sourcecode.swift; path = FruitModel.swift; sourceTree = "<group>"; };
		BB62BFC02B65FCD200BAF659 /* FruitData.swift */ = {isa = PBXFileReference; lastKnownFileType = sourcecode.swift; path = FruitData.swift; sourceTree = "<group>"; };
		BB62BFC22B66086A00BAF659 /* FruitRowView.swift */ = {isa = PBXFileReference; lastKnownFileType = sourcecode.swift; path = FruitRowView.swift; sourceTree = "<group>"; };
		BB62BFC42B660F0900BAF659 /* FruitDetailView.swift */ = {isa = PBXFileReference; lastKnownFileType = sourcecode.swift; path = FruitDetailView.swift; sourceTree = "<group>"; };
		BB62BFC62B66143B00BAF659 /* FruitHeaderView.swift */ = {isa = PBXFileReference; lastKnownFileType = sourcecode.swift; path = FruitHeaderView.swift; sourceTree = "<group>"; };
		BB62BFC82B6616A200BAF659 /* SourceLinkView.swift */ = {isa = PBXFileReference; lastKnownFileType = sourcecode.swift; path = SourceLinkView.swift; sourceTree = "<group>"; };
		BBD8180E2B6618CB0042D58E /* FruitNutrientsView.swift */ = {isa = PBXFileReference; lastKnownFileType = sourcecode.swift; path = FruitNutrientsView.swift; sourceTree = "<group>"; };
/* End PBXFileReference section */

/* Begin PBXFrameworksBuildPhase section */
		BB62BFA02B65EC2700BAF659 /* Frameworks */ = {
			isa = PBXFrameworksBuildPhase;
			buildActionMask = 2147483647;
			files = (
			);
			runOnlyForDeploymentPostprocessing = 0;
		};
/* End PBXFrameworksBuildPhase section */

/* Begin PBXGroup section */
		BB62BF9A2B65EC2700BAF659 = {
			isa = PBXGroup;
			children = (
				BB62BFA52B65EC2700BAF659 /* iFruits */,
				BB62BFA42B65EC2700BAF659 /* Products */,
			);
			sourceTree = "<group>";
		};
		BB62BFA42B65EC2700BAF659 /* Products */ = {
			isa = PBXGroup;
			children = (
				BB62BFA32B65EC2700BAF659 /* iFruits.app */,
			);
			name = Products;
			sourceTree = "<group>";
		};
		BB62BFA52B65EC2700BAF659 /* iFruits */ = {
			isa = PBXGroup;
			children = (
				BB62BFBF2B65FCC700BAF659 /* Data */,
				BB62BFBC2B65FBD300BAF659 /* Model */,
				BB62BFB52B65F24A00BAF659 /* View */,
				BB62BFB42B65F21100BAF659 /* App */,
				BB62BFAA2B65EC2800BAF659 /* Assets.xcassets */,
				BB62BFAC2B65EC2800BAF659 /* Preview Content */,
			);
			path = iFruits;
			sourceTree = "<group>";
		};
		BB62BFAC2B65EC2800BAF659 /* Preview Content */ = {
			isa = PBXGroup;
			children = (
				BB62BFAD2B65EC2800BAF659 /* Preview Assets.xcassets */,
			);
			path = "Preview Content";
			sourceTree = "<group>";
		};
		BB62BFB42B65F21100BAF659 /* App */ = {
			isa = PBXGroup;
			children = (
				BB62BFA62B65EC2700BAF659 /* iFruitsApp.swift */,
				BB62BFA82B65EC2700BAF659 /* ContentView.swift */,
				BB62BFBA2B65FA5D00BAF659 /* OnboardingView.swift */,
			);
			path = App;
			sourceTree = "<group>";
		};
		BB62BFB52B65F24A00BAF659 /* View */ = {
			isa = PBXGroup;
			children = (
				BB62BFB62B65F27900BAF659 /* FruitCardView.swift */,
				BB62BFB82B65F70600BAF659 /* StartButtonView.swift */,
				BB62BFC22B66086A00BAF659 /* FruitRowView.swift */,
				BB62BFC42B660F0900BAF659 /* FruitDetailView.swift */,
				BB62BFC62B66143B00BAF659 /* FruitHeaderView.swift */,
				BB62BFC82B6616A200BAF659 /* SourceLinkView.swift */,
				BBD8180E2B6618CB0042D58E /* FruitNutrientsView.swift */,
			);
			path = View;
			sourceTree = "<group>";
		};
		BB62BFBC2B65FBD300BAF659 /* Model */ = {
			isa = PBXGroup;
			children = (
				BB62BFBD2B65FBEA00BAF659 /* FruitModel.swift */,
			);
			path = Model;
			sourceTree = "<group>";
		};
		BB62BFBF2B65FCC700BAF659 /* Data */ = {
			isa = PBXGroup;
			children = (
				BB62BFC02B65FCD200BAF659 /* FruitData.swift */,
			);
			path = Data;
			sourceTree = "<group>";
		};
/* End PBXGroup section */

/* Begin PBXNativeTarget section */
		BB62BFA22B65EC2700BAF659 /* iFruits */ = {
			isa = PBXNativeTarget;
			buildConfigurationList = BB62BFB12B65EC2800BAF659 /* Build configuration list for PBXNativeTarget "iFruits" */;
			buildPhases = (
				BB62BF9F2B65EC2700BAF659 /* Sources */,
				BB62BFA02B65EC2700BAF659 /* Frameworks */,
				BB62BFA12B65EC2700BAF659 /* Resources */,
			);
			buildRules = (
			);
			dependencies = (
			);
			name = iFruits;
			productName = iFruits;
			productReference = BB62BFA32B65EC2700BAF659 /* iFruits.app */;
			productType = "com.apple.product-type.application";
		};
/* End PBXNativeTarget section */

/* Begin PBXProject section */
		BB62BF9B2B65EC2700BAF659 /* Project object */ = {
			isa = PBXProject;
			attributes = {
				BuildIndependentTargetsInParallel = 1;
				LastSwiftUpdateCheck = 1420;
				LastUpgradeCheck = 1420;
				TargetAttributes = {
					BB62BFA22B65EC2700BAF659 = {
						CreatedOnToolsVersion = 14.2;
					};
				};
			};
			buildConfigurationList = BB62BF9E2B65EC2700BAF659 /* Build configuration list for PBXProject "iFruits" */;
			compatibilityVersion = "Xcode 14.0";
			developmentRegion = en;
			hasScannedForEncodings = 0;
			knownRegions = (
				en,
				Base,
			);
			mainGroup = BB62BF9A2B65EC2700BAF659;
			productRefGroup = BB62BFA42B65EC2700BAF659 /* Products */;
			projectDirPath = "";
			projectRoot = "";
			targets = (
				BB62BFA22B65EC2700BAF659 /* iFruits */,
			);
		};
/* End PBXProject section */

/* Begin PBXResourcesBuildPhase section */
		BB62BFA12B65EC2700BAF659 /* Resources */ = {
			isa = PBXResourcesBuildPhase;
			buildActionMask = 2147483647;
			files = (
				BB62BFAE2B65EC2800BAF659 /* Preview Assets.xcassets in Resources */,
				BB62BFAB2B65EC2800BAF659 /* Assets.xcassets in Resources */,
			);
			runOnlyForDeploymentPostprocessing = 0;
		};
/* End PBXResourcesBuildPhase section */

/* Begin PBXSourcesBuildPhase section */
		BB62BF9F2B65EC2700BAF659 /* Sources */ = {
			isa = PBXSourcesBuildPhase;
			buildActionMask = 2147483647;
			files = (
				BB62BFC12B65FCD200BAF659 /* FruitData.swift in Sources */,
				BB62BFC92B6616A200BAF659 /* SourceLinkView.swift in Sources */,
				BB62BFB72B65F27900BAF659 /* FruitCardView.swift in Sources */,
				BB62BFC32B66086A00BAF659 /* FruitRowView.swift in Sources */,
				BBD8180F2B6618CB0042D58E /* FruitNutrientsView.swift in Sources */,
				BB62BFB92B65F70600BAF659 /* StartButtonView.swift in Sources */,
				BB62BFC52B660F0900BAF659 /* FruitDetailView.swift in Sources */,
				BB62BFA92B65EC2700BAF659 /* ContentView.swift in Sources */,
				BB62BFC72B66143B00BAF659 /* FruitHeaderView.swift in Sources */,
				BB62BFBB2B65FA5D00BAF659 /* OnboardingView.swift in Sources */,
				BB62BFBE2B65FBEA00BAF659 /* FruitModel.swift in Sources */,
				BB62BFA72B65EC2700BAF659 /* iFruitsApp.swift in Sources */,
			);
			runOnlyForDeploymentPostprocessing = 0;
		};
/* End PBXSourcesBuildPhase section */

/* Begin XCBuildConfiguration section */
		BB62BFAF2B65EC2800BAF659 /* Debug */ = {
			isa = XCBuildConfiguration;
			buildSettings = {
				ALWAYS_SEARCH_USER_PATHS = NO;
				CLANG_ANALYZER_NONNULL = YES;
				CLANG_ANALYZER_NUMBER_OBJECT_CONVERSION = YES_AGGRESSIVE;
				CLANG_CXX_LANGUAGE_STANDARD = "gnu++20";
				CLANG_ENABLE_MODULES = YES;
				CLANG_ENABLE_OBJC_ARC = YES;
				CLANG_ENABLE_OBJC_WEAK = YES;
				CLANG_WARN_BLOCK_CAPTURE_AUTORELEASING = YES;
				CLANG_WARN_BOOL_CONVERSION = YES;
				CLANG_WARN_COMMA = YES;
				CLANG_WARN_CONSTANT_CONVERSION = YES;
				CLANG_WARN_DEPRECATED_OBJC_IMPLEMENTATIONS = YES;
				CLANG_WARN_DIRECT_OBJC_ISA_USAGE = YES_ERROR;
				CLANG_WARN_DOCUMENTATION_COMMENTS = YES;
				CLANG_WARN_EMPTY_BODY = YES;
				CLANG_WARN_ENUM_CONVERSION = YES;
				CLANG_WARN_INFINITE_RECURSION = YES;
				CLANG_WARN_INT_CONVERSION = YES;
				CLANG_WARN_NON_LITERAL_NULL_CONVERSION = YES;
				CLANG_WARN_OBJC_IMPLICIT_RETAIN_SELF = YES;
				CLANG_WARN_OBJC_LITERAL_CONVERSION = YES;
				CLANG_WARN_OBJC_ROOT_CLASS = YES_ERROR;
				CLANG_WARN_QUOTED_INCLUDE_IN_FRAMEWORK_HEADER = YES;
				CLANG_WARN_RANGE_LOOP_ANALYSIS = YES;
				CLANG_WARN_STRICT_PROTOTYPES = YES;
				CLANG_WARN_SUSPICIOUS_MOVE = YES;
				CLANG_WARN_UNGUARDED_AVAILABILITY = YES_AGGRESSIVE;
				CLANG_WARN_UNREACHABLE_CODE = YES;
				CLANG_WARN__DUPLICATE_METHOD_MATCH = YES;
				COPY_PHASE_STRIP = NO;
				DEBUG_INFORMATION_FORMAT = dwarf;
				ENABLE_STRICT_OBJC_MSGSEND = YES;
				ENABLE_TESTABILITY = YES;
				GCC_C_LANGUAGE_STANDARD = gnu11;
				GCC_DYNAMIC_NO_PIC = NO;
				GCC_NO_COMMON_BLOCKS = YES;
				GCC_OPTIMIZATION_LEVEL = 0;
				GCC_PREPROCESSOR_DEFINITIONS = (
					"DEBUG=1",
					"$(inherited)",
				);
				GCC_WARN_64_TO_32_BIT_CONVERSION = YES;
				GCC_WARN_ABOUT_RETURN_TYPE = YES_ERROR;
				GCC_WARN_UNDECLARED_SELECTOR = YES;
				GCC_WARN_UNINITIALIZED_AUTOS = YES_AGGRESSIVE;
				GCC_WARN_UNUSED_FUNCTION = YES;
				GCC_WARN_UNUSED_VARIABLE = YES;
				IPHONEOS_DEPLOYMENT_TARGET = 16.2;
				MTL_ENABLE_DEBUG_INFO = INCLUDE_SOURCE;
				MTL_FAST_MATH = YES;
				ONLY_ACTIVE_ARCH = YES;
				SDKROOT = iphoneos;
				SWIFT_ACTIVE_COMPILATION_CONDITIONS = DEBUG;
				SWIFT_OPTIMIZATION_LEVEL = "-Onone";
			};
			name = Debug;
		};
		BB62BFB02B65EC2800BAF659 /* Release */ = {
			isa = XCBuildConfiguration;
			buildSettings = {
				ALWAYS_SEARCH_USER_PATHS = NO;
				CLANG_ANALYZER_NONNULL = YES;
				CLANG_ANALYZER_NUMBER_OBJECT_CONVERSION = YES_AGGRESSIVE;
				CLANG_CXX_LANGUAGE_STANDARD = "gnu++20";
				CLANG_ENABLE_MODULES = YES;
				CLANG_ENABLE_OBJC_ARC = YES;
				CLANG_ENABLE_OBJC_WEAK = YES;
				CLANG_WARN_BLOCK_CAPTURE_AUTORELEASING = YES;
				CLANG_WARN_BOOL_CONVERSION = YES;
				CLANG_WARN_COMMA = YES;
				CLANG_WARN_CONSTANT_CONVERSION = YES;
				CLANG_WARN_DEPRECATED_OBJC_IMPLEMENTATIONS = YES;
				CLANG_WARN_DIRECT_OBJC_ISA_USAGE = YES_ERROR;
				CLANG_WARN_DOCUMENTATION_COMMENTS = YES;
				CLANG_WARN_EMPTY_BODY = YES;
				CLANG_WARN_ENUM_CONVERSION = YES;
				CLANG_WARN_INFINITE_RECURSION = YES;
				CLANG_WARN_INT_CONVERSION = YES;
				CLANG_WARN_NON_LITERAL_NULL_CONVERSION = YES;
				CLANG_WARN_OBJC_IMPLICIT_RETAIN_SELF = YES;
				CLANG_WARN_OBJC_LITERAL_CONVERSION = YES;
				CLANG_WARN_OBJC_ROOT_CLASS = YES_ERROR;
				CLANG_WARN_QUOTED_INCLUDE_IN_FRAMEWORK_HEADER = YES;
				CLANG_WARN_RANGE_LOOP_ANALYSIS = YES;
				CLANG_WARN_STRICT_PROTOTYPES = YES;
				CLANG_WARN_SUSPICIOUS_MOVE = YES;
				CLANG_WARN_UNGUARDED_AVAILABILITY = YES_AGGRESSIVE;
				CLANG_WARN_UNREACHABLE_CODE = YES;
				CLANG_WARN__DUPLICATE_METHOD_MATCH = YES;
				COPY_PHASE_STRIP = NO;
				DEBUG_INFORMATION_FORMAT = "dwarf-with-dsym";
				ENABLE_NS_ASSERTIONS = NO;
				ENABLE_STRICT_OBJC_MSGSEND = YES;
				GCC_C_LANGUAGE_STANDARD = gnu11;
				GCC_NO_COMMON_BLOCKS = YES;
				GCC_WARN_64_TO_32_BIT_CONVERSION = YES;
				GCC_WARN_ABOUT_RETURN_TYPE = YES_ERROR;
				GCC_WARN_UNDECLARED_SELECTOR = YES;
				GCC_WARN_UNINITIALIZED_AUTOS = YES_AGGRESSIVE;
				GCC_WARN_UNUSED_FUNCTION = YES;
				GCC_WARN_UNUSED_VARIABLE = YES;
				IPHONEOS_DEPLOYMENT_TARGET = 16.2;
				MTL_ENABLE_DEBUG_INFO = NO;
				MTL_FAST_MATH = YES;
				SDKROOT = iphoneos;
				SWIFT_COMPILATION_MODE = wholemodule;
				SWIFT_OPTIMIZATION_LEVEL = "-O";
				VALIDATE_PRODUCT = YES;
			};
			name = Release;
		};
		BB62BFB22B65EC2800BAF659 /* Debug */ = {
			isa = XCBuildConfiguration;
			buildSettings = {
				ASSETCATALOG_COMPILER_APPICON_NAME = AppIcon;
				ASSETCATALOG_COMPILER_GLOBAL_ACCENT_COLOR_NAME = AccentColor;
				CODE_SIGN_STYLE = Automatic;
				CURRENT_PROJECT_VERSION = 1;
				DEVELOPMENT_ASSET_PATHS = "\"iFruits/Preview Content\"";
				DEVELOPMENT_TEAM = PFSN649J32;
				ENABLE_PREVIEWS = YES;
				GENERATE_INFOPLIST_FILE = YES;
				INFOPLIST_KEY_UIApplicationSceneManifest_Generation = YES;
				INFOPLIST_KEY_UIApplicationSupportsIndirectInputEvents = YES;
				INFOPLIST_KEY_UILaunchScreen_Generation = YES;
				INFOPLIST_KEY_UISupportedInterfaceOrientations = UIInterfaceOrientationPortrait;
				INFOPLIST_KEY_UISupportedInterfaceOrientations_iPad = "UIInterfaceOrientationPortrait UIInterfaceOrientationPortraitUpsideDown";
				LD_RUNPATH_SEARCH_PATHS = (
					"$(inherited)",
					"@executable_path/Frameworks",
				);
				MARKETING_VERSION = 1.0;
				PRODUCT_BUNDLE_IDENTIFIER = com.elfaael.iFruits;
				PRODUCT_NAME = "$(TARGET_NAME)";
				SWIFT_EMIT_LOC_STRINGS = YES;
				SWIFT_VERSION = 5.0;
				TARGETED_DEVICE_FAMILY = "1,2";
			};
			name = Debug;
		};
		BB62BFB32B65EC2800BAF659 /* Release */ = {
			isa = XCBuildConfiguration;
			buildSettings = {
				ASSETCATALOG_COMPILER_APPICON_NAME = AppIcon;
				ASSETCATALOG_COMPILER_GLOBAL_ACCENT_COLOR_NAME = AccentColor;
				CODE_SIGN_STYLE = Automatic;
				CURRENT_PROJECT_VERSION = 1;
				DEVELOPMENT_ASSET_PATHS = "\"iFruits/Preview Content\"";
				DEVELOPMENT_TEAM = PFSN649J32;
				ENABLE_PREVIEWS = YES;
				GENERATE_INFOPLIST_FILE = YES;
				INFOPLIST_KEY_UIApplicationSceneManifest_Generation = YES;
				INFOPLIST_KEY_UIApplicationSupportsIndirectInputEvents = YES;
				INFOPLIST_KEY_UILaunchScreen_Generation = YES;
				INFOPLIST_KEY_UISupportedInterfaceOrientations = UIInterfaceOrientationPortrait;
				INFOPLIST_KEY_UISupportedInterfaceOrientations_iPad = "UIInterfaceOrientationPortrait UIInterfaceOrientationPortraitUpsideDown";
				LD_RUNPATH_SEARCH_PATHS = (
					"$(inherited)",
					"@executable_path/Frameworks",
				);
				MARKETING_VERSION = 1.0;
				PRODUCT_BUNDLE_IDENTIFIER = com.elfaael.iFruits;
				PRODUCT_NAME = "$(TARGET_NAME)";
				SWIFT_EMIT_LOC_STRINGS = YES;
				SWIFT_VERSION = 5.0;
				TARGETED_DEVICE_FAMILY = "1,2";
			};
			name = Release;
		};
/* End XCBuildConfiguration section */

/* Begin XCConfigurationList section */
		BB62BF9E2B65EC2700BAF659 /* Build configuration list for PBXProject "iFruits" */ = {
			isa = XCConfigurationList;
			buildConfigurations = (
				BB62BFAF2B65EC2800BAF659 /* Debug */,
				BB62BFB02B65EC2800BAF659 /* Release */,
			);
			defaultConfigurationIsVisible = 0;
			defaultConfigurationName = Release;
		};
		BB62BFB12B65EC2800BAF659 /* Build configuration list for PBXNativeTarget "iFruits" */ = {
			isa = XCConfigurationList;
			buildConfigurations = (
				BB62BFB22B65EC2800BAF659 /* Debug */,
				BB62BFB32B65EC2800BAF659 /* Release */,
			);
			defaultConfigurationIsVisible = 0;
			defaultConfigurationName = Release;
		};
/* End XCConfigurationList section */
	};
	rootObject = BB62BF9B2B65EC2700BAF659 /* Project object */;
}
